
Microsoft Visual Studio Solution File, Format Version 12.00
# Visual Studio 15
VisualStudioVersion = 15.0.27428.2005
MinimumVisualStudioVersion = 10.0.40219.1
Project("{FAE04EC0-301F-11D3-BF4B-00C04F79EFBC}") = "StarWars", "StarWars\StarWars.csproj", "{541E7319-417F-4F77-A699-74B2D8809321}"
EndProject
Project("{FAE04EC0-301F-11D3-BF4B-00C04F79EFBC}") = "Lesson4", "Lesson4\Lesson4.csproj", "{128EBE01-BD4D-439C-8B93-9D40ACAC9365}"
EndProject
Global
	GlobalSection(SolutionConfigurationPlatforms) = preSolution
		Debug|Any CPU = Debug|Any CPU
		Release|Any CPU = Release|Any CPU
	EndGlobalSection
	GlobalSection(ProjectConfigurationPlatforms) = postSolution
		{541E7319-417F-4F77-A699-74B2D8809321}.Debug|Any CPU.ActiveCfg = Debug|Any CPU
		{541E7319-417F-4F77-A699-74B2D8809321}.Debug|Any CPU.Build.0 = Debug|Any CPU
		{541E7319-417F-4F77-A699-74B2D8809321}.Release|Any CPU.ActiveCfg = Release|Any CPU
		{541E7319-417F-4F77-A699-74B2D8809321}.Release|Any CPU.Build.0 = Release|Any CPU
		{128EBE01-BD4D-439C-8B93-9D40ACAC9365}.Debug|Any CPU.ActiveCfg = Debug|Any CPU
		{128EBE01-BD4D-439C-8B93-9D40ACAC9365}.Debug|Any CPU.Build.0 = Debug|Any CPU
		{128EBE01-BD4D-439C-8B93-9D40ACAC9365}.Release|Any CPU.ActiveCfg = Release|Any CPU
		{128EBE01-BD4D-439C-8B93-9D40ACAC9365}.Release|Any CPU.Build.0 = Release|Any CPU
	EndGlobalSection
	GlobalSection(SolutionProperties) = preSolution
		HideSolutionNode = FALSE
	EndGlobalSection
	GlobalSection(ExtensibilityGlobals) = postSolution
		SolutionGuid = {6CCC165E-0843-4475-BBDD-53C24E0CA260}
	EndGlobalSection
EndGlobal
